# Generated by conda-lock.
# platform: osx-arm64
# input_hash: 97ef52289d5a03eaeb0c74f5ea147156bac2a3df0550302d41aedaee8991e168
@EXPLICIT
https://conda.anaconda.org/conda-forge/osx-arm64/bzip2-1.0.8-h3422bc3_4.tar.bz2#fc76ace7b94fb1f694988ab1b14dd248
https://conda.anaconda.org/conda-forge/osx-arm64/ca-certificates-2022.9.24-h4653dfc_0.tar.bz2#5911a50099ce7b46f7f32e90dd4adffa
https://conda.anaconda.org/conda-forge/osx-arm64/jpeg-9e-he4db4b2_2.tar.bz2#ad1e3584bfef678a4ca6f9daa6695159
https://conda.anaconda.org/conda-forge/osx-arm64/libbrotlicommon-1.0.9-h1a8c8d9_8.tar.bz2#84eb0c3c995a865079080d092e4a3c06
https://conda.anaconda.org/conda-forge/osx-arm64/libcxx-14.0.6-h2692d47_0.tar.bz2#716c4b72ff3808ade65748fd9b49cc44
https://conda.anaconda.org/conda-forge/osx-arm64/libdeflate-1.14-h1a8c8d9_0.tar.bz2#cb64374f9f7ad86b6194e294c56e06a5
https://conda.anaconda.org/conda-forge/osx-arm64/libffi-3.4.2-h3422bc3_5.tar.bz2#086914b672be056eb70fd4285b6783b6
https://conda.anaconda.org/conda-forge/noarch/libgfortran-devel_osx-arm64-11.3.0-hfe9555d_26.tar.bz2#958981580fce0e498b9986e14b0dd2cc
https://conda.anaconda.org/conda-forge/osx-arm64/libiconv-1.17-he4db4b2_0.tar.bz2#686f9c755574aa221f29fbcf36a67265
https://conda.anaconda.org/conda-forge/osx-arm64/libwebp-base-1.2.4-h57fd34a_0.tar.bz2#23f90b9f28c585445c52184a3388d01d
https://conda.anaconda.org/conda-forge/osx-arm64/libzlib-1.2.13-h03a7124_4.tar.bz2#780852dc54c4c07e64b276a97f89c162
https://conda.anaconda.org/conda-forge/osx-arm64/llvm-openmp-15.0.5-h7cfbb63_0.tar.bz2#60555769c8c25cbf502fefb0df10e22d
https://conda.anaconda.org/conda-forge/osx-arm64/ncurses-6.3-h07bb92c_1.tar.bz2#db86e5a978380a13f5559f97afdfe99d
https://conda.anaconda.org/conda-forge/osx-arm64/pthread-stubs-0.4-h27ca646_1001.tar.bz2#d3f26c6494d4105d4ecb85203d687102
https://conda.anaconda.org/conda-forge/osx-arm64/python_abi-3.11-3_cp311.conda#e1586496f8acd1c9293019ab14dbde9d
https://conda.anaconda.org/conda-forge/noarch/tzdata-2022f-h191b570_0.tar.bz2#e366350e2343a798e29833286abe2560
https://conda.anaconda.org/conda-forge/osx-arm64/xorg-libxau-1.0.9-h27ca646_0.tar.bz2#e2fa1f5a28cf0ce02516baf910be132e
https://conda.anaconda.org/conda-forge/osx-arm64/xorg-libxdmcp-1.1.3-h27ca646_0.tar.bz2#6738b13f7fadc18725965abdd4129c36
https://conda.anaconda.org/conda-forge/osx-arm64/xz-5.2.6-h57fd34a_0.tar.bz2#39c6b54e94014701dd157f4f576ed211
https://conda.anaconda.org/conda-forge/osx-arm64/gmp-6.2.1-h9f76cd9_0.tar.bz2#f8140773b6ca51bf32feec9b4290a8c5
https://conda.anaconda.org/conda-forge/osx-arm64/isl-0.25-h9a09cb3_0.tar.bz2#b0c90b63ffeb9e2d045be8f5bc64741c
https://conda.anaconda.org/conda-forge/osx-arm64/lerc-4.0.0-h9a09cb3_0.tar.bz2#de462d5aacda3b30721b512c5da4e742
https://conda.anaconda.org/conda-forge/osx-arm64/libbrotlidec-1.0.9-h1a8c8d9_8.tar.bz2#640ea7b788cdd0420409bd8479f023f9
https://conda.anaconda.org/conda-forge/osx-arm64/libbrotlienc-1.0.9-h1a8c8d9_8.tar.bz2#572907b78be867937c258421bc0807a8
https://conda.anaconda.org/conda-forge/osx-arm64/libgfortran5-11.3.0-hdaf2cc0_26.tar.bz2#6575414b7a31618f9fb65b7c56f6db75
https://conda.anaconda.org/conda-forge/osx-arm64/libllvm14-14.0.6-hf6e71e7_1.tar.bz2#2ec0ff9a370305311ce222bcb085b72d
https://conda.anaconda.org/conda-forge/osx-arm64/libpng-1.6.39-h76d750c_0.conda#0078e6327c13cfdeae6ff7601e360383
https://conda.anaconda.org/conda-forge/osx-arm64/libsqlite-3.40.0-h76d750c_0.tar.bz2#d090fcec993f4ef0a90e6df7f231a273
https://conda.anaconda.org/conda-forge/osx-arm64/libxcb-1.13-h9b22ae9_1004.tar.bz2#6b3457a192f8091cb413962f65740ac4
https://conda.anaconda.org/conda-forge/osx-arm64/openssl-3.0.7-h03a7124_0.tar.bz2#dd8def02f6badaf6a280946639fa4d50
https://conda.anaconda.org/conda-forge/osx-arm64/readline-8.1.2-h46ed386_0.tar.bz2#dc790f296d94409efb3f22af84ee968d
https://conda.anaconda.org/conda-forge/osx-arm64/tapi-1100.0.11-he4954df_0.tar.bz2#d83362e7d0513f35f454bc50b0ca591d
https://conda.anaconda.org/conda-forge/osx-arm64/tk-8.6.12-he1e0b03_0.tar.bz2#2cb3d18eac154109107f093860bd545f
https://conda.anaconda.org/conda-forge/osx-arm64/zlib-1.2.13-h03a7124_4.tar.bz2#34161cff4e29cc45e536abf2f13fd6b4
https://conda.anaconda.org/conda-forge/osx-arm64/zstd-1.5.2-h8128057_4.tar.bz2#dc4c74dcc759058dae2324144f336de0
https://conda.anaconda.org/conda-forge/osx-arm64/brotli-bin-1.0.9-h1a8c8d9_8.tar.bz2#f212620a4f3606ff8f800b8b1077415a
https://conda.anaconda.org/conda-forge/osx-arm64/freetype-2.12.1-hd633e50_1.conda#33ea6326e26d1da25eb8dfa768195b82
https://conda.anaconda.org/conda-forge/osx-arm64/libclang-cpp14-14.0.6-default_h81a5282_0.tar.bz2#6cfc1343e167d250367983b1864adc04
https://conda.anaconda.org/conda-forge/osx-arm64/libgfortran-5.0.0-11_3_0_hd922786_26.tar.bz2#637cb10c3ffec46e0dd307177da1ab6b
https://conda.anaconda.org/conda-forge/osx-arm64/libtiff-4.4.0-hfa0b094_4.tar.bz2#40a647c7d6780b71cc36225ef80da7f6
https://conda.anaconda.org/conda-forge/osx-arm64/llvm-tools-14.0.6-hf6e71e7_1.tar.bz2#e97dcf92f03537c52aa2dcdcaf6ef75c
https://conda.anaconda.org/conda-forge/osx-arm64/mpfr-4.1.0-h6d7a090_1.tar.bz2#c37f296f76cfb61d4f91613da93789e6
https://conda.anaconda.org/conda-forge/osx-arm64/python-3.11.0-h93c2e33_0_cpython.tar.bz2#9448df0347dc4f16685c762f500bb806
https://conda.anaconda.org/conda-forge/osx-arm64/sigtool-0.1.3-h44b9a77_0.tar.bz2#4a2cac04f86a4540b8c9b8d8f597848f
https://conda.anaconda.org/conda-forge/noarch/attrs-22.1.0-pyh71513ae_1.tar.bz2#6d3ccbc56256204925bfa8378722792f
https://conda.anaconda.org/conda-forge/osx-arm64/brotli-1.0.9-h1a8c8d9_8.tar.bz2#e2a5e381ddd6529eb62e7710270b2ec5
https://conda.anaconda.org/conda-forge/noarch/certifi-2022.9.24-pyhd8ed1ab_0.tar.bz2#f66309b099374af91369e67e84af397d
https://conda.anaconda.org/conda-forge/noarch/charset-normalizer-2.1.1-pyhd8ed1ab_0.tar.bz2#c1d5b294fbf9a795dec349a6f4d8be8e
https://conda.anaconda.org/conda-forge/osx-arm64/clang-14-14.0.6-default_h81a5282_0.tar.bz2#ad7388bad4d7416ce2bbacddb2faa577
https://conda.anaconda.org/conda-forge/noarch/colorama-0.4.6-pyhd8ed1ab_0.tar.bz2#3faab06a954c2a04039983f2c4a50d99
https://conda.anaconda.org/conda-forge/noarch/cycler-0.11.0-pyhd8ed1ab_0.tar.bz2#a50559fad0affdbb33729a68669ca1cb
https://conda.anaconda.org/conda-forge/osx-arm64/cython-0.29.32-py311ha397e9f_1.tar.bz2#89c66dacd2dd16712f00a04629da2629
https://conda.anaconda.org/conda-forge/noarch/exceptiongroup-1.0.4-pyhd8ed1ab_0.tar.bz2#e0734d1f12de77f9daca98bda3428733
https://conda.anaconda.org/conda-forge/noarch/execnet-1.9.0-pyhd8ed1ab_0.tar.bz2#0e521f7a5e60d508b121d38b04874fb2
https://conda.anaconda.org/conda-forge/noarch/idna-3.4-pyhd8ed1ab_0.tar.bz2#34272b248891bddccc64479f9a7fffed
https://conda.anaconda.org/conda-forge/noarch/iniconfig-1.1.1-pyh9f0ad1d_0.tar.bz2#39161f81cc5e5ca45b8226fbb06c6905
https://conda.anaconda.org/conda-forge/osx-arm64/kiwisolver-1.4.4-py311hd6ee22a_1.tar.bz2#aea430ca7df231e9d17dba5dc7ba52b5
https://conda.anaconda.org/conda-forge/osx-arm64/lcms2-2.14-h8193b64_0.tar.bz2#9bc9a1c491795c92568481b6ab59d9c5
https://conda.anaconda.org/conda-forge/osx-arm64/ld64_osx-arm64-609-h7167370_11.conda#5158e240a2318c11dba7e8493bf1b42b
https://conda.anaconda.org/conda-forge/osx-arm64/libhiredis-1.0.2-hbec66e7_0.tar.bz2#37ca71a16015b17397da4a5e6883f66f
https://conda.anaconda.org/conda-forge/osx-arm64/libopenblas-0.3.21-openmp_hc731615_3.tar.bz2#2a980a5d8cc34ce70d339b983f9920de
https://conda.anaconda.org/conda-forge/osx-arm64/mpc-1.2.1-h309154c_0.tar.bz2#5673ae769869dc7df76458cca52557e2
https://conda.anaconda.org/conda-forge/noarch/munkres-1.1.4-pyh9f0ad1d_0.tar.bz2#2ba8498c1018c1e9c61eb99b973dfe19
https://conda.anaconda.org/conda-forge/osx-arm64/openjpeg-2.5.0-h5d4e404_1.tar.bz2#4d65dff04bceb645c98a514c52df217f
https://conda.anaconda.org/conda-forge/noarch/pluggy-1.0.0-pyhd8ed1ab_5.tar.bz2#7d301a0d25f424d96175f810935f0da9
https://conda.anaconda.org/conda-forge/noarch/py-1.11.0-pyh6c4a22f_0.tar.bz2#b4613d7e7a493916d867842a6a148054
https://conda.anaconda.org/conda-forge/noarch/pycparser-2.21-pyhd8ed1ab_0.tar.bz2#076becd9e05608f8dc72757d5f3a91ff
https://conda.anaconda.org/conda-forge/noarch/pyparsing-3.0.9-pyhd8ed1ab_0.tar.bz2#e8fbc1b54b25f4b08281467bc13b70cc
https://conda.anaconda.org/conda-forge/noarch/pysocks-1.7.1-pyha2e5f31_6.tar.bz2#2a7de29fb590ca14b5243c4c812c8025
https://conda.anaconda.org/conda-forge/noarch/pytz-2022.6-pyhd8ed1ab_0.tar.bz2#b1f26ad83328e486910ef7f6e81dc061
https://conda.anaconda.org/conda-forge/noarch/setuptools-65.5.1-pyhd8ed1ab_0.tar.bz2#cfb8dc4d9d285ca5fb1177b9dd450e33
https://conda.anaconda.org/conda-forge/noarch/six-1.16.0-pyh6c4a22f_0.tar.bz2#e5f25f8dbc060e9a8d912e432202afc2
https://conda.anaconda.org/conda-forge/noarch/threadpoolctl-3.1.0-pyh8a188c0_0.tar.bz2#a2995ee828f65687ac5b1e71a2ab1e0c
https://conda.anaconda.org/conda-forge/noarch/toml-0.10.2-pyhd8ed1ab_0.tar.bz2#f832c45a477c78bebd107098db465095
https://conda.anaconda.org/conda-forge/noarch/tomli-2.0.1-pyhd8ed1ab_0.tar.bz2#5844808ffab9ebdb694585b50ba02a96
https://conda.anaconda.org/conda-forge/osx-arm64/tornado-6.2-py311he2be06e_1.tar.bz2#14e26dcaa163d69b3339c760a25f7ef6
https://conda.anaconda.org/conda-forge/noarch/wheel-0.38.4-pyhd8ed1ab_0.tar.bz2#c829cfb8cb826acb9de0ac1a2df0a940
https://conda.anaconda.org/conda-forge/osx-arm64/ccache-4.7.3-hef5e26d_0.tar.bz2#fbf42e6ad7098b2207026fa7ec98f227
https://conda.anaconda.org/conda-forge/osx-arm64/cctools_osx-arm64-973.0.1-hef52d2f_11.conda#b4f37afd4ae6d094626d1cd10c4af0a8
https://conda.anaconda.org/conda-forge/osx-arm64/cffi-1.15.1-py311hae827db_2.tar.bz2#21dd7c5bb2c7a3f4dcd7af7f850404a1
https://conda.anaconda.org/conda-forge/osx-arm64/clang-14.0.6-hce30654_0.tar.bz2#4b60f8635f0d1c6e143551fa82e91945
https://conda.anaconda.org/conda-forge/osx-arm64/coverage-6.5.0-py311he2be06e_1.tar.bz2#c075c03149ead300dcdb77768f2dbaac
https://conda.anaconda.org/conda-forge/osx-arm64/fonttools-4.38.0-py311he2be06e_1.tar.bz2#b19f8cd01d67cdaddfcaa1206e3fe46b
https://conda.anaconda.org/conda-forge/osx-arm64/gfortran_impl_osx-arm64-11.3.0-h2a9d086_26.tar.bz2#70abef962a5f39a96014348dd46483d7
https://conda.anaconda.org/conda-forge/noarch/joblib-1.2.0-pyhd8ed1ab_0.tar.bz2#7583652522d71ad78ba536bba06940eb
https://conda.anaconda.org/conda-forge/osx-arm64/ld64-609-h619f069_11.conda#00e421a01015e5246eca89480c6f7264
https://conda.anaconda.org/conda-forge/osx-arm64/libblas-3.9.0-16_osxarm64_openblas.tar.bz2#53d6d5097f0d62e24db8c1979a21102e
https://conda.anaconda.org/conda-forge/osx-arm64/openblas-0.3.21-openmp_hf78f355_3.tar.bz2#ff5b9fccd5f48f6d1b14c9e3859417b9
https://conda.anaconda.org/conda-forge/noarch/packaging-21.3-pyhd8ed1ab_0.tar.bz2#71f1ab2de48613876becddd496371c85
https://conda.anaconda.org/conda-forge/osx-arm64/pillow-9.2.0-py311h09de4a2_3.tar.bz2#8fd90886cf932298fe5e2f1a9f8d37ad
https://conda.anaconda.org/conda-forge/noarch/pip-22.3.1-pyhd8ed1ab_0.tar.bz2#da66f2851b9836d3a7c5190082a45f7d
https://conda.anaconda.org/conda-forge/noarch/python-dateutil-2.8.2-pyhd8ed1ab_0.tar.bz2#dd999d1cc9f79e67dbb855c8924c7984
https://conda.anaconda.org/conda-forge/osx-arm64/brotlipy-0.7.0-py311he2be06e_1005.tar.bz2#31942140cc59c7985448a29fc159f850
https://conda.anaconda.org/conda-forge/osx-arm64/cctools-973.0.1-hcbb26d4_11.conda#fed06888f63eed25f43fdd6a475f9533
https://conda.anaconda.org/conda-forge/osx-arm64/clangxx-14.0.6-default_hb7ecf47_0.tar.bz2#abb3bf7081791c101fcb2851c64900ca
https://conda.anaconda.org/conda-forge/osx-arm64/cryptography-38.0.3-py311h507f6e9_0.tar.bz2#97a5adf4ef9dd8b3276369175f361dba
https://conda.anaconda.org/conda-forge/osx-arm64/libcblas-3.9.0-16_osxarm64_openblas.tar.bz2#c7cfc18378f00d3faf7f8a9a2553be3c
https://conda.anaconda.org/conda-forge/osx-arm64/liblapack-3.9.0-16_osxarm64_openblas.tar.bz2#52d270c579bfca986d6cdd81eb5ed6e7
https://conda.anaconda.org/conda-forge/noarch/pytest-7.2.0-pyhd8ed1ab_2.tar.bz2#ac82c7aebc282e6ac0450fca012ca78c
https://conda.anaconda.org/conda-forge/noarch/compiler-rt_osx-arm64-14.0.6-h48302dc_0.tar.bz2#ebcb473032038866101b70f9f270a9a2
https://conda.anaconda.org/conda-forge/osx-arm64/liblapacke-3.9.0-16_osxarm64_openblas.tar.bz2#40532abcf930847b5e38899081784106
https://conda.anaconda.org/conda-forge/osx-arm64/numpy-1.23.5-py311ha92fb03_0.conda#15c725a5a320c633d9c84123fc12e6c6
https://conda.anaconda.org/conda-forge/noarch/pyopenssl-22.1.0-pyhd8ed1ab_0.tar.bz2#fbfa0a180d48c800f922a10a114a8632
https://conda.anaconda.org/conda-forge/noarch/pytest-cov-4.0.0-pyhd8ed1ab_0.tar.bz2#c9e3f8bfdb9bfc34aa1836a6ed4b25d7
https://conda.anaconda.org/conda-forge/noarch/pytest-forked-1.4.0-pyhd8ed1ab_1.tar.bz2#60958bab291681d9c3ba69e80f1434cf
https://conda.anaconda.org/conda-forge/osx-arm64/blas-devel-3.9.0-16_osxarm64_openblas.tar.bz2#0bd8278a473e4e9fa3ba81add8fa3c54
https://conda.anaconda.org/conda-forge/osx-arm64/compiler-rt-14.0.6-h30b49de_0.tar.bz2#b88a5457fa7def557e5902046ab56b6e
https://conda.anaconda.org/conda-forge/osx-arm64/contourpy-1.0.6-py311hd6ee22a_0.tar.bz2#d7dbecf4d06efa5aa3adbdba73a25790
https://conda.anaconda.org/conda-forge/osx-arm64/pandas-1.5.2-py311h4eec4a9_0.conda#11cf1c12197a20f720cb33aa8fd79e65
https://conda.anaconda.org/conda-forge/noarch/pytest-xdist-2.5.0-pyhd8ed1ab_0.tar.bz2#1fdd1f3baccf0deb647385c677a1a48e
https://conda.anaconda.org/conda-forge/osx-arm64/scipy-1.9.3-py311h0bcca16_2.tar.bz2#bb7abf946534cefcd863747684597eb7
https://conda.anaconda.org/conda-forge/noarch/urllib3-1.26.13-pyhd8ed1ab_0.conda#3078ef2359efd6ecadbc7e085c5e0592
https://conda.anaconda.org/conda-forge/osx-arm64/blas-2.116-openblas.tar.bz2#01a646598904d225b6dc3b690a600823
https://conda.anaconda.org/conda-forge/osx-arm64/clang_osx-arm64-14.0.6-h15773ab_4.conda#d0db37e26bfd89ca03a40a5b8ce15635
https://conda.anaconda.org/conda-forge/osx-arm64/matplotlib-base-3.6.2-py311h99a5f44_0.tar.bz2#8fa4e335d9c59de54916f67facc37634
https://conda.anaconda.org/conda-forge/noarch/requests-2.28.1-pyhd8ed1ab_1.tar.bz2#089382ee0e2dc2eae33a04cc3c2bddb0
https://conda.anaconda.org/conda-forge/osx-arm64/c-compiler-1.5.1-h5008568_0.tar.bz2#514ae732aa5ba507d58b04e5d22f861a
https://conda.anaconda.org/conda-forge/osx-arm64/clangxx_osx-arm64-14.0.6-he29aa18_4.conda#85157d29e430829c4cc5b1f152306f9b
https://conda.anaconda.org/conda-forge/noarch/codecov-2.1.12-pyhd8ed1ab_0.conda#0317ed52e504b93da000e8a027628775
https://conda.anaconda.org/conda-forge/osx-arm64/gfortran_osx-arm64-11.3.0-h57527a5_0.tar.bz2#ebf560369c33d9a4f568a2c5b5922b52
https://conda.anaconda.org/conda-forge/osx-arm64/matplotlib-3.6.2-py311ha1ab1f8_0.tar.bz2#000f55533f9e4b58371da1732fdbd4e6
https://conda.anaconda.org/conda-forge/osx-arm64/cxx-compiler-1.5.1-hffc8910_0.tar.bz2#649164ee66e82f3cf589718470e56ddd
https://conda.anaconda.org/conda-forge/osx-arm64/gfortran-11.3.0-h1ca8e4b_0.tar.bz2#75b415dac7f64e2af572a24469b581d4
https://conda.anaconda.org/conda-forge/osx-arm64/fortran-compiler-1.5.1-h2ccabda_0.tar.bz2#c258fbf0093892f83473169f3e801ea1
https://conda.anaconda.org/conda-forge/osx-arm64/compilers-1.5.1-hce30654_0.tar.bz2#ead2509a971cfe285f5df583b7505a04
